
Microsoft Visual Studio Solution File, Format Version 12.00
# Visual Studio Version 16
VisualStudioVersion = 16.0.33529.622
MinimumVisualStudioVersion = 10.0.40219.1
Project("{9A19103F-16F7-4668-BE54-9A1E7A4F7556}") = "KampIntro", "KampIntro\KampIntro.csproj", "{986F79D5-A118-4B70-9163-049191950968}"
EndProject
Project("{9A19103F-16F7-4668-BE54-9A1E7A4F7556}") = "Donguler", "Donguler\Donguler.csproj", "{A1318D79-E1CE-48F7-B549-DC8615AA5A7E}"
EndProject
Project("{9A19103F-16F7-4668-BE54-9A1E7A4F7556}") = "ClassIntro", "ClassIntro\ClassIntro.csproj", "{1C25E818-7E61-4366-8ACC-31DE31F43DD4}"
EndProject
Project("{9A19103F-16F7-4668-BE54-9A1E7A4F7556}") = "Metotlar", "Metotlar\Metotlar.csproj", "{60716D9F-6B71-42D6-AF95-046298ECC14F}"
EndProject
Project("{9A19103F-16F7-4668-BE54-9A1E7A4F7556}") = "Matematik", "Matematik\Matematik.csproj", "{E59ADD4D-9499-428C-A87B-10708C7F7967}"
EndProject
Project("{FAE04EC0-301F-11D3-BF4B-00C04F79EFBC}") = "DegerVeReferansTipler", "DegerVeReferansTipler\DegerVeReferansTipler.csproj", "{640245B1-7BA8-46BC-8B97-02C35F95AF72}"
EndProject
Global
	GlobalSection(SolutionConfigurationPlatforms) = preSolution
		Debug|Any CPU = Debug|Any CPU
		Release|Any CPU = Release|Any CPU
	EndGlobalSection
	GlobalSection(ProjectConfigurationPlatforms) = postSolution
		{986F79D5-A118-4B70-9163-049191950968}.Debug|Any CPU.ActiveCfg = Debug|Any CPU
		{986F79D5-A118-4B70-9163-049191950968}.Debug|Any CPU.Build.0 = Debug|Any CPU
		{986F79D5-A118-4B70-9163-049191950968}.Release|Any CPU.ActiveCfg = Release|Any CPU
		{986F79D5-A118-4B70-9163-049191950968}.Release|Any CPU.Build.0 = Release|Any CPU
		{A1318D79-E1CE-48F7-B549-DC8615AA5A7E}.Debug|Any CPU.ActiveCfg = Debug|Any CPU
		{A1318D79-E1CE-48F7-B549-DC8615AA5A7E}.Debug|Any CPU.Build.0 = Debug|Any CPU
		{A1318D79-E1CE-48F7-B549-DC8615AA5A7E}.Release|Any CPU.ActiveCfg = Release|Any CPU
		{A1318D79-E1CE-48F7-B549-DC8615AA5A7E}.Release|Any CPU.Build.0 = Release|Any CPU
		{1C25E818-7E61-4366-8ACC-31DE31F43DD4}.Debug|Any CPU.ActiveCfg = Debug|Any CPU
		{1C25E818-7E61-4366-8ACC-31DE31F43DD4}.Debug|Any CPU.Build.0 = Debug|Any CPU
		{1C25E818-7E61-4366-8ACC-31DE31F43DD4}.Release|Any CPU.ActiveCfg = Release|Any CPU
		{1C25E818-7E61-4366-8ACC-31DE31F43DD4}.Release|Any CPU.Build.0 = Release|Any CPU
		{60716D9F-6B71-42D6-AF95-046298ECC14F}.Debug|Any CPU.ActiveCfg = Debug|Any CPU
		{60716D9F-6B71-42D6-AF95-046298ECC14F}.Debug|Any CPU.Build.0 = Debug|Any CPU
		{60716D9F-6B71-42D6-AF95-046298ECC14F}.Release|Any CPU.ActiveCfg = Release|Any CPU
		{60716D9F-6B71-42D6-AF95-046298ECC14F}.Release|Any CPU.Build.0 = Release|Any CPU
		{E59ADD4D-9499-428C-A87B-10708C7F7967}.Debug|Any CPU.ActiveCfg = Debug|Any CPU
		{E59ADD4D-9499-428C-A87B-10708C7F7967}.Debug|Any CPU.Build.0 = Debug|Any CPU
		{E59ADD4D-9499-428C-A87B-10708C7F7967}.Release|Any CPU.ActiveCfg = Release|Any CPU
		{E59ADD4D-9499-428C-A87B-10708C7F7967}.Release|Any CPU.Build.0 = Release|Any CPU
		{640245B1-7BA8-46BC-8B97-02C35F95AF72}.Debug|Any CPU.ActiveCfg = Debug|Any CPU
		{640245B1-7BA8-46BC-8B97-02C35F95AF72}.Debug|Any CPU.Build.0 = Debug|Any CPU
		{640245B1-7BA8-46BC-8B97-02C35F95AF72}.Release|Any CPU.ActiveCfg = Release|Any CPU
		{640245B1-7BA8-46BC-8B97-02C35F95AF72}.Release|Any CPU.Build.0 = Release|Any CPU
	EndGlobalSection
	GlobalSection(SolutionProperties) = preSolution
		HideSolutionNode = FALSE
	EndGlobalSection
	GlobalSection(ExtensibilityGlobals) = postSolution
		SolutionGuid = {D695E185-AA30-468E-802C-7D0C2EE74455}
	EndGlobalSection
EndGlobal
